
Microsoft Visual Studio Solution File, Format Version 12.00
# Visual Studio Version 16
VisualStudioVersion = 16.0.31515.178
MinimumVisualStudioVersion = 10.0.40219.1
Project("{FAE04EC0-301F-11D3-BF4B-00C04F79EFBC}") = "CGV", "CGV\CGV.csproj", "{6CEF7BA4-054F-4404-8F21-3624BFB93A33}"
EndProject
Project("{FAE04EC0-301F-11D3-BF4B-00C04F79EFBC}") = "Model", "Model\Model.csproj", "{00C9B603-E448-4321-B44B-38B0882D8475}"
EndProject
Project("{FAE04EC0-301F-11D3-BF4B-00C04F79EFBC}") = "DatabaseIO", "DatabaseIO\DatabaseIO.csproj", "{BB2972EA-16C4-4778-9C69-3F6722A78106}"
EndProject
Global
	GlobalSection(SolutionConfigurationPlatforms) = preSolution
		Debug|Any CPU = Debug|Any CPU
		Release|Any CPU = Release|Any CPU
	EndGlobalSection
	GlobalSection(ProjectConfigurationPlatforms) = postSolution
		{6CEF7BA4-054F-4404-8F21-3624BFB93A33}.Debug|Any CPU.ActiveCfg = Debug|Any CPU
		{6CEF7BA4-054F-4404-8F21-3624BFB93A33}.Debug|Any CPU.Build.0 = Debug|Any CPU
		{6CEF7BA4-054F-4404-8F21-3624BFB93A33}.Release|Any CPU.ActiveCfg = Release|Any CPU
		{6CEF7BA4-054F-4404-8F21-3624BFB93A33}.Release|Any CPU.Build.0 = Release|Any CPU
		{00C9B603-E448-4321-B44B-38B0882D8475}.Debug|Any CPU.ActiveCfg = Debug|Any CPU
		{00C9B603-E448-4321-B44B-38B0882D8475}.Debug|Any CPU.Build.0 = Debug|Any CPU
		{00C9B603-E448-4321-B44B-38B0882D8475}.Release|Any CPU.ActiveCfg = Release|Any CPU
		{00C9B603-E448-4321-B44B-38B0882D8475}.Release|Any CPU.Build.0 = Release|Any CPU
		{BB2972EA-16C4-4778-9C69-3F6722A78106}.Debug|Any CPU.ActiveCfg = Debug|Any CPU
		{BB2972EA-16C4-4778-9C69-3F6722A78106}.Debug|Any CPU.Build.0 = Debug|Any CPU
		{BB2972EA-16C4-4778-9C69-3F6722A78106}.Release|Any CPU.ActiveCfg = Release|Any CPU
		{BB2972EA-16C4-4778-9C69-3F6722A78106}.Release|Any CPU.Build.0 = Release|Any CPU
	EndGlobalSection
	GlobalSection(SolutionProperties) = preSolution
		HideSolutionNode = FALSE
	EndGlobalSection
	GlobalSection(ExtensibilityGlobals) = postSolution
		SolutionGuid = {880D8953-A22D-467A-9174-CEF95B170AE3}
	EndGlobalSection
EndGlobal
